
Microsoft Visual Studio Solution File, Format Version 12.00
# Visual Studio Version 17
VisualStudioVersion = 17.6.33815.320
MinimumVisualStudioVersion = 10.0.40219.1
Project("{FAE04EC0-301F-11D3-BF4B-00C04F79EFBC}") = "Volunteer-Match-BE", "Volunteer-Match-BE.csproj", "{0DA15D2B-C2A8-418A-8A92-2A8FD0BC3CB8}"
EndProject
Global
	GlobalSection(SolutionConfigurationPlatforms) = preSolution
		Debug|Any CPU = Debug|Any CPU
		Release|Any CPU = Release|Any CPU
	EndGlobalSection
	GlobalSection(ProjectConfigurationPlatforms) = postSolution
		{0DA15D2B-C2A8-418A-8A92-2A8FD0BC3CB8}.Debug|Any CPU.ActiveCfg = Debug|Any CPU
		{0DA15D2B-C2A8-418A-8A92-2A8FD0BC3CB8}.Debug|Any CPU.Build.0 = Debug|Any CPU
		{0DA15D2B-C2A8-418A-8A92-2A8FD0BC3CB8}.Release|Any CPU.ActiveCfg = Release|Any CPU
		{0DA15D2B-C2A8-418A-8A92-2A8FD0BC3CB8}.Release|Any CPU.Build.0 = Release|Any CPU
	EndGlobalSection
	GlobalSection(SolutionProperties) = preSolution
		HideSolutionNode = FALSE
	EndGlobalSection
	GlobalSection(ExtensibilityGlobals) = postSolution
		SolutionGuid = {305A699F-1D56-4B3D-8EEB-A860C92C41EB}
	EndGlobalSection
EndGlobal
